<?xml version="1.0" encoding="utf-8"?>
<Project ToolsVersion="4.0" xmlns="http://schemas.microsoft.com/developer/msbuild/2003">
  <ItemGroup>
    <ClCompile Include="main.cc" />
    <ClCompile Include="Scene.cc" />
    <ClCompile Include="Program.cc" />
    <ClCompile Include="Texture2D.cc" />
    <ClCompile Include="VertexFormat.cc" />
    <ClCompile Include="Model.cc" />
  </ItemGroup>
  <ItemGroup>
    <ClInclude Include="Scene.hh" />
    <ClInclude Include="config.hh" />
    <ClInclude Include="Program.hh" />
    <ClInclude Include="Texture2D.hh" />
    <ClInclude Include="VertexFormat.hh" />
    <ClInclude Include="Model.hh" />
  </ItemGroup>
  <ItemGroup>
    <None Include="first_pass.frag" />
    <None Include="first_pass.vert" />
  </ItemGroup>
</Project>