<?xml version="1.0" encoding="utf-8"?>
<Project ToolsVersion="4.0" xmlns="http://schemas.microsoft.com/developer/msbuild/2003">
  <ItemGroup>
    <Filter Include="sources">
      <UniqueIdentifier>{ee4d70a8-c056-4ea4-a811-5263d13cd103}</UniqueIdentifier>
    </Filter>
    <Filter Include="resources">
      <UniqueIdentifier>{8f6de72e-0a79-4197-a81a-e48cf2e8acd9}</UniqueIdentifier>
    </Filter>
    <Filter Include="resources\models">
      <UniqueIdentifier>{4270ccaa-d249-4cab-9357-be8d3f1b22a4}</UniqueIdentifier>
    </Filter>
    <Filter Include="resources\textures">
      <UniqueIdentifier>{dc2e0031-8ae6-4c4d-8857-cae4d85583cb}</UniqueIdentifier>
    </Filter>
    <Filter Include="resources\shaders">
      <UniqueIdentifier>{7b773370-d93a-475e-a0b3-b4083e7d0c0e}</UniqueIdentifier>
    </Filter>
    <Filter Include="include">
      <UniqueIdentifier>{70c58a74-0044-47e5-a8ac-d0a8c799d675}</UniqueIdentifier>
    </Filter>
  </ItemGroup>
  <ItemGroup>
    <Object Include="resources\models\cube.obj">
      <Filter>resources\models</Filter>
    </Object>
    <Object Include="resources\models\sphere.obj">
      <Filter>resources\models</Filter>
    </Object>
    <Object Include="resources\models\terrain.obj">
      <Filter>resources\models</Filter>
    </Object>
  </ItemGroup>
  <ItemGroup>
    <None Include="resources\shaders\first_pass.frag">
      <Filter>resources\shaders</Filter>
    </None>
    <None Include="resources\shaders\first_pass.vert">
      <Filter>resources\shaders</Filter>
    </None>
    <None Include="resources\shaders\nontextured_geometry.frag">
      <Filter>resources\shaders</Filter>
    </None>
    <None Include="resources\shaders\nontextured_geometry.vert">
      <Filter>resources\shaders</Filter>
    </None>
  </ItemGroup>
  <ItemGroup>
    <Image Include="resources\textures\container2.png">
      <Filter>resources\textures</Filter>
    </Image>
    <Image Include="resources\textures\container2_specular.png">
      <Filter>resources\textures</Filter>
    </Image>
  </ItemGroup>
  <ItemGroup>
    <ClCompile Include="xrndr\Camera.cc">
      <Filter>sources</Filter>
    </ClCompile>
    <ClCompile Include="xrndr\main.cc">
      <Filter>sources</Filter>
    </ClCompile>
    <ClCompile Include="xrndr\MatrixStack.cc">
      <Filter>sources</Filter>
    </ClCompile>
    <ClCompile Include="xrndr\Mesh.cc">
      <Filter>sources</Filter>
    </ClCompile>
    <ClCompile Include="xrndr\Model.cc">
      <Filter>sources</Filter>
    </ClCompile>
    <ClCompile Include="xrndr\Program.cc">
      <Filter>sources</Filter>
    </ClCompile>
    <ClCompile Include="xrndr\Projection.cc">
      <Filter>sources</Filter>
    </ClCompile>
    <ClCompile Include="xrndr\Scene.cc">
      <Filter>sources</Filter>
    </ClCompile>
    <ClCompile Include="xrndr\Texture2D.cc">
      <Filter>sources</Filter>
    </ClCompile>
    <ClCompile Include="xrndr\TextureCache.cc">
      <Filter>sources</Filter>
    </ClCompile>
    <ClCompile Include="xrndr\Texture2DLoader.cc">
      <Filter>sources</Filter>
    </ClCompile>
  </ItemGroup>
  <ItemGroup>
    <ClInclude Include="include\xrndr\Camera.hh">
      <Filter>include</Filter>
    </ClInclude>
    <ClInclude Include="include\xrndr\config.hh">
      <Filter>include</Filter>
    </ClInclude>
    <ClInclude Include="include\xrndr\MatrixStack.hh">
      <Filter>include</Filter>
    </ClInclude>
    <ClInclude Include="include\xrndr\Mesh.hh">
      <Filter>include</Filter>
    </ClInclude>
    <ClInclude Include="include\xrndr\Model.hh">
      <Filter>include</Filter>
    </ClInclude>
    <ClInclude Include="include\xrndr\Program.hh">
      <Filter>include</Filter>
    </ClInclude>
    <ClInclude Include="include\xrndr\Projection.hh">
      <Filter>include</Filter>
    </ClInclude>
    <ClInclude Include="include\xrndr\Scene.hh">
      <Filter>include</Filter>
    </ClInclude>
    <ClInclude Include="include\xrndr\Texture2D.hh">
      <Filter>include</Filter>
    </ClInclude>
    <ClInclude Include="include\xrndr\VertexFormat.hh">
      <Filter>include</Filter>
    </ClInclude>
    <ClInclude Include="include\xrndr\Light.hh">
      <Filter>include</Filter>
    </ClInclude>
    <ClInclude Include="include\xrndr\Material.hh">
      <Filter>include</Filter>
    </ClInclude>
    <ClInclude Include="include\xrndr\TextureCache.hh">
      <Filter>include</Filter>
    </ClInclude>
    <ClInclude Include="include\xrndr\Texture2DLoader.hh">
      <Filter>include</Filter>
    </ClInclude>
  </ItemGroup>
</Project>